<?xml version="1.0" encoding="utf-8"?>
<Project ToolsVersion="4.0" xmlns="http://schemas.microsoft.com/developer/msbuild/2003">
  <ItemGroup>
    <Filter Include="ecs">
      <UniqueIdentifier>{C06D880B-2C77-887C-B5F2-9E7C21FB937C}</UniqueIdentifier>
    </Filter>
    <Filter Include="info">
      <UniqueIdentifier>{D184987C-BDBB-990D-66A8-7F1052BE150F}</UniqueIdentifier>
    </Filter>
    <Filter Include="io">
      <UniqueIdentifier>{3D785900-2904-880B-92B2-880B7E5D880B}</UniqueIdentifier>
    </Filter>
    <Filter Include="mem">
      <UniqueIdentifier>{0490880B-7099-887C-F914-9F7C651D947C}</UniqueIdentifier>
    </Filter>
    <Filter Include="std">
      <UniqueIdentifier>{70AB880B-DCB4-887C-6530-9F7CD138947C}</UniqueIdentifier>
    </Filter>
  </ItemGroup>
  <ItemGroup>
    <ClInclude Include="src_cpp\ecs\nw_ecs_cmp.h">
      <Filter>ecs</Filter>
    </ClInclude>
    <ClInclude Include="src_cpp\ecs\nw_ecs_cmp_sys.h">
      <Filter>ecs</Filter>
    </ClInclude>
    <ClInclude Include="src_cpp\ecs\nw_ecs_ent.h">
      <Filter>ecs</Filter>
    </ClInclude>
    <ClInclude Include="src_cpp\ecs\nw_ecs_ent_sys.h">
      <Filter>ecs</Filter>
    </ClInclude>
    <ClInclude Include="src_cpp\info\nw_info_cmp.h">
      <Filter>info</Filter>
    </ClInclude>
    <ClInclude Include="src_cpp\info\nw_info_id.h">
      <Filter>info</Filter>
    </ClInclude>
    <ClInclude Include="src_cpp\info\nw_info_img.h">
      <Filter>info</Filter>
    </ClInclude>
    <ClInclude Include="src_cpp\info\nw_info_type.h">
      <Filter>info</Filter>
    </ClInclude>
    <ClInclude Include="src_cpp\info\nw_info_type_id.h">
      <Filter>info</Filter>
    </ClInclude>
    <ClInclude Include="src_cpp\io\nw_io_cmp.h">
      <Filter>io</Filter>
    </ClInclude>
    <ClInclude Include="src_cpp\io\nw_io_dvc.h">
      <Filter>io</Filter>
    </ClInclude>
    <ClInclude Include="src_cpp\io\nw_io_err.h">
      <Filter>io</Filter>
    </ClInclude>
    <ClInclude Include="src_cpp\io\nw_io_evt.h">
      <Filter>io</Filter>
    </ClInclude>
    <ClInclude Include="src_cpp\io\nw_io_flib.h">
      <Filter>io</Filter>
    </ClInclude>
    <ClInclude Include="src_cpp\io\nw_io_fpath.h">
      <Filter>io</Filter>
    </ClInclude>
    <ClInclude Include="src_cpp\io\nw_io_stm.h">
      <Filter>io</Filter>
    </ClInclude>
    <ClInclude Include="src_cpp\io\nw_io_sys.h">
      <Filter>io</Filter>
    </ClInclude>
    <ClInclude Include="src_cpp\mem\nw_mem_alloc.h">
      <Filter>mem</Filter>
    </ClInclude>
    <ClInclude Include="src_cpp\mem\nw_mem_ref.h">
      <Filter>mem</Filter>
    </ClInclude>
    <ClInclude Include="src_cpp\mem\nw_mem_sys.h">
      <Filter>mem</Filter>
    </ClInclude>
    <ClInclude Include="src_cpp\nw_ecs.hpp" />
    <ClInclude Include="src_cpp\nw_info.hpp" />
    <ClInclude Include="src_cpp\nw_io.hpp" />
    <ClInclude Include="src_cpp\nw_lib.hpp" />
    <ClInclude Include="src_cpp\nw_lib_core.hpp" />
    <ClInclude Include="src_cpp\nw_lib_pch.hpp" />
    <ClInclude Include="src_cpp\nw_mem.hpp" />
    <ClInclude Include="src_cpp\core\nw_core_val.h" />
    <ClInclude Include="src_cpp\core\nw_core_str.h" />
    <ClInclude Include="src_cpp\core\nw_core_mem.h" />
    <ClInclude Include="src_cpp\nw_std.hpp" />
    <ClInclude Include="src_cpp\std\nw_std_cont.h" />
    <ClInclude Include="src_cpp\std\nw_std_func.h" />
    <ClInclude Include="src_cpp\std\nw_std_sing.h" />
    <ClInclude Include="src_cpp\std\nw_std_rand.h" />
    <ClInclude Include="src_cpp\std\nw_std_time.h" />
    <ClInclude Include="src_cpp\std\nw_std_paral.h" />
    <ClInclude Include="src_cpp\core\nw_core_gapi.h" />
    <ClInclude Include="src_cpp\core\nw_core_wapi.h" />
    <ClInclude Include="src_cpp\core\nw_core_capi.h" />
    <ClInclude Include="src_cpp\core\nw_core_vec.h" />
    <ClInclude Include="src_cpp\core\nw_core_mtx.h" />
    <ClInclude Include="src_cpp\core\nw_core_math.h" />
    <ClInclude Include="ext\stb\nw_stb_img.h" />
    <ClInclude Include="src_cpp\std\nw_std_img.h" />
    <ClInclude Include="src_cpp\std\nw_std_cam.h" />
    <ClInclude Include="src_cpp\info\nw_info_layt.h">
      <Filter>info</Filter>
    </ClInclude>
  </ItemGroup>
  <ItemGroup>
    <ClCompile Include="src_cpp\ecs\nw_ecs_cmp_sys.cpp">
      <Filter>ecs</Filter>
    </ClCompile>
    <ClCompile Include="src_cpp\ecs\nw_ecs_ent_sys.cpp">
      <Filter>ecs</Filter>
    </ClCompile>
    <ClCompile Include="src_cpp\info\nw_info_img.cpp">
      <Filter>info</Filter>
    </ClCompile>
    <ClCompile Include="src_cpp\info\nw_info_layt.cpp">
      <Filter>info</Filter>
    </ClCompile>
    <ClCompile Include="src_cpp\io\nw_io_cmp.cpp">
      <Filter>io</Filter>
    </ClCompile>
    <ClCompile Include="src_cpp\io\nw_io_dvc.cpp">
      <Filter>io</Filter>
    </ClCompile>
    <ClCompile Include="src_cpp\io\nw_io_err.cpp">
      <Filter>io</Filter>
    </ClCompile>
    <ClCompile Include="src_cpp\io\nw_io_evt.cpp">
      <Filter>io</Filter>
    </ClCompile>
    <ClCompile Include="src_cpp\io\nw_io_fpath.cpp">
      <Filter>io</Filter>
    </ClCompile>
    <ClCompile Include="src_cpp\io\nw_io_sys.cpp">
      <Filter>io</Filter>
    </ClCompile>
    <ClCompile Include="src_cpp\mem\nw_mem_alloc.cpp">
      <Filter>mem</Filter>
    </ClCompile>
    <ClCompile Include="src_cpp\mem\nw_mem_sys.cpp">
      <Filter>mem</Filter>
    </ClCompile>
    <ClCompile Include="src_cpp\nw_lib_pch.cpp" />
    <ClCompile Include="ext\stb\nw_stb_img.cpp" />
    <ClCompile Include="src_cpp\std\nw_std_img.cpp" />
    <ClCompile Include="src_cpp\std\nw_std_cam.cpp" />
  </ItemGroup>
</Project>