<?xml version="1.0" encoding="utf-8"?>
<Project ToolsVersion="4.0" xmlns="http://schemas.microsoft.com/developer/msbuild/2003">
  <ItemGroup>
    <Filter Include="ecs">
      <UniqueIdentifier>{C06D880B-2C77-887C-B5F2-9E7C21FB937C}</UniqueIdentifier>
    </Filter>
    <Filter Include="io">
      <UniqueIdentifier>{3D785900-2904-880B-92B2-880B7E5D880B}</UniqueIdentifier>
    </Filter>
    <Filter Include="mem">
      <UniqueIdentifier>{0490880B-7099-887C-F914-9F7C651D947C}</UniqueIdentifier>
    </Filter>
    <Filter Include="std">
      <UniqueIdentifier>{70AB880B-DCB4-887C-6530-9F7CD138947C}</UniqueIdentifier>
    </Filter>
  </ItemGroup>
  <ItemGroup>
    <ClInclude Include="src_cpp\ecs\nwlib_ecs_cmp.h">
      <Filter>ecs</Filter>
    </ClInclude>
    <ClInclude Include="src_cpp\ecs\nwlib_ecs_cmp_sys.h">
      <Filter>ecs</Filter>
    </ClInclude>
    <ClInclude Include="src_cpp\ecs\nwlib_ecs_ent.h">
      <Filter>ecs</Filter>
    </ClInclude>
    <ClInclude Include="src_cpp\ecs\nwlib_ecs_ent_sys.h">
      <Filter>ecs</Filter>
    </ClInclude>
    <ClInclude Include="src_cpp\io\nwlib_io_cmp.h">
      <Filter>io</Filter>
    </ClInclude>
    <ClInclude Include="src_cpp\io\nwlib_io_const.h">
      <Filter>io</Filter>
    </ClInclude>
    <ClInclude Include="src_cpp\io\nwlib_io_dvc.h">
      <Filter>io</Filter>
    </ClInclude>
    <ClInclude Include="src_cpp\io\nwlib_io_err.h">
      <Filter>io</Filter>
    </ClInclude>
    <ClInclude Include="src_cpp\io\nwlib_io_evt.h">
      <Filter>io</Filter>
    </ClInclude>
    <ClInclude Include="src_cpp\io\nwlib_io_flib.h">
      <Filter>io</Filter>
    </ClInclude>
    <ClInclude Include="src_cpp\io\nwlib_io_fpath.h">
      <Filter>io</Filter>
    </ClInclude>
    <ClInclude Include="src_cpp\io\nwlib_io_stm.h">
      <Filter>io</Filter>
    </ClInclude>
    <ClInclude Include="src_cpp\io\nwlib_io_sys.h">
      <Filter>io</Filter>
    </ClInclude>
    <ClInclude Include="src_cpp\mem\nwlib_mem_alloc.h">
      <Filter>mem</Filter>
    </ClInclude>
    <ClInclude Include="src_cpp\mem\nwlib_mem_ref.h">
      <Filter>mem</Filter>
    </ClInclude>
    <ClInclude Include="src_cpp\mem\nwlib_mem_sys.h">
      <Filter>mem</Filter>
    </ClInclude>
    <ClInclude Include="src_cpp\nwlib.hpp" />
    <ClInclude Include="src_cpp\nwlib_core.hpp" />
    <ClInclude Include="src_cpp\nwlib_ecs.hpp" />
    <ClInclude Include="src_cpp\nwlib_io.hpp" />
    <ClInclude Include="src_cpp\nwlib_mem.hpp" />
    <ClInclude Include="src_cpp\nwlib_pch.hpp" />
    <ClInclude Include="src_cpp\nwlib_std.hpp" />
    <ClInclude Include="src_cpp\std\nwlib_std_const.h">
      <Filter>std</Filter>
    </ClInclude>
    <ClInclude Include="src_cpp\std\nwlib_std_cont.h">
      <Filter>std</Filter>
    </ClInclude>
    <ClInclude Include="src_cpp\std\nwlib_std_id.h">
      <Filter>std</Filter>
    </ClInclude>
    <ClInclude Include="src_cpp\std\nwlib_std_info.h">
      <Filter>std</Filter>
    </ClInclude>
    <ClInclude Include="src_cpp\std\nwlib_std_math.h">
      <Filter>std</Filter>
    </ClInclude>
    <ClInclude Include="src_cpp\std\nwlib_std_os.h">
      <Filter>std</Filter>
    </ClInclude>
    <ClInclude Include="src_cpp\std\nwlib_std_phys.h">
      <Filter>std</Filter>
    </ClInclude>
    <ClInclude Include="src_cpp\std\nwlib_std_rand.h">
      <Filter>std</Filter>
    </ClInclude>
    <ClInclude Include="src_cpp\std\nwlib_std_sing.h">
      <Filter>std</Filter>
    </ClInclude>
    <ClInclude Include="src_cpp\std\nwlib_std_str.h">
      <Filter>std</Filter>
    </ClInclude>
    <ClInclude Include="src_cpp\std\nwlib_std_thr.h">
      <Filter>std</Filter>
    </ClInclude>
    <ClInclude Include="src_cpp\std\nwlib_std_time.h">
      <Filter>std</Filter>
    </ClInclude>
    <ClInclude Include="src_cpp\std\nwlib_std_tree.h">
      <Filter>std</Filter>
    </ClInclude>
    <ClInclude Include="src_cpp\std\nwlib_std_type.h">
      <Filter>std</Filter>
    </ClInclude>
    <ClInclude Include="src_cpp\std\nwlib_std_type_id.h">
      <Filter>std</Filter>
    </ClInclude>
    <ClInclude Include="src_cpp\std\nwlib_std_val.h">
      <Filter>std</Filter>
    </ClInclude>
    <ClInclude Include="src_cpp\std\nwlib_std_vlayt.h">
      <Filter>std</Filter>
    </ClInclude>
  </ItemGroup>
  <ItemGroup>
    <ClCompile Include="src_cpp\ecs\nwlib_cmp_sys.cpp">
      <Filter>ecs</Filter>
    </ClCompile>
    <ClCompile Include="src_cpp\ecs\nwlib_ecs_ent_sys.cpp">
      <Filter>ecs</Filter>
    </ClCompile>
    <ClCompile Include="src_cpp\io\nwlib_io_cmp.cpp">
      <Filter>io</Filter>
    </ClCompile>
    <ClCompile Include="src_cpp\io\nwlib_io_dvc.cpp">
      <Filter>io</Filter>
    </ClCompile>
    <ClCompile Include="src_cpp\io\nwlib_io_err.cpp">
      <Filter>io</Filter>
    </ClCompile>
    <ClCompile Include="src_cpp\io\nwlib_io_evt.cpp">
      <Filter>io</Filter>
    </ClCompile>
    <ClCompile Include="src_cpp\io\nwlib_io_fpath.cpp">
      <Filter>io</Filter>
    </ClCompile>
    <ClCompile Include="src_cpp\io\nwlib_io_sys.cpp">
      <Filter>io</Filter>
    </ClCompile>
    <ClCompile Include="src_cpp\mem\nwlib_mem_alloc.cpp">
      <Filter>mem</Filter>
    </ClCompile>
    <ClCompile Include="src_cpp\mem\nwlib_mem_sys.cpp">
      <Filter>mem</Filter>
    </ClCompile>
    <ClCompile Include="src_cpp\nwlib_pch.cpp" />
    <ClCompile Include="src_cpp\std\nwlib_std_info.cpp">
      <Filter>std</Filter>
    </ClCompile>
    <ClCompile Include="src_cpp\std\nwlib_std_math.cpp">
      <Filter>std</Filter>
    </ClCompile>
    <ClCompile Include="src_cpp\std\nwlib_std_phys.cpp">
      <Filter>std</Filter>
    </ClCompile>
    <ClCompile Include="src_cpp\std\nwlib_std_rand.cpp">
      <Filter>std</Filter>
    </ClCompile>
    <ClCompile Include="src_cpp\std\nwlib_std_str.cpp">
      <Filter>std</Filter>
    </ClCompile>
    <ClCompile Include="src_cpp\std\nwlib_std_time.cpp">
      <Filter>std</Filter>
    </ClCompile>
    <ClCompile Include="src_cpp\std\nwlib_std_vlayt.cpp">
      <Filter>std</Filter>
    </ClCompile>
  </ItemGroup>
</Project>